
Microsoft Visual Studio Solution File, Format Version 12.00
# Visual Studio 15
VisualStudioVersion = 15.0.28010.2041
MinimumVisualStudioVersion = 10.0.40219.1
Project("{FAE04EC0-301F-11D3-BF4B-00C04F79EFBC}") = "Microsoft.Owin.Security.VanLangAccount", "Microsoft.Owin.Security.VanLangAccount\Microsoft.Owin.Security.VanLangAccount.csproj", "{BAC83815-903C-4799-8FEF-E9FE35E8451E}"
EndProject
Global
	GlobalSection(SolutionConfigurationPlatforms) = preSolution
		Debug|Any CPU = Debug|Any CPU
		Release|Any CPU = Release|Any CPU
	EndGlobalSection
	GlobalSection(ProjectConfigurationPlatforms) = postSolution
		{BAC83815-903C-4799-8FEF-E9FE35E8451E}.Debug|Any CPU.ActiveCfg = Debug|Any CPU
		{BAC83815-903C-4799-8FEF-E9FE35E8451E}.Debug|Any CPU.Build.0 = Debug|Any CPU
		{BAC83815-903C-4799-8FEF-E9FE35E8451E}.Release|Any CPU.ActiveCfg = Release|Any CPU
		{BAC83815-903C-4799-8FEF-E9FE35E8451E}.Release|Any CPU.Build.0 = Release|Any CPU
	EndGlobalSection
	GlobalSection(SolutionProperties) = preSolution
		HideSolutionNode = FALSE
	EndGlobalSection
	GlobalSection(ExtensibilityGlobals) = postSolution
		SolutionGuid = {F788299E-32F9-4262-AF72-6CAFFB40B64B}
	EndGlobalSection
EndGlobal
